
Microsoft Visual Studio Solution File, Format Version 12.00
# Visual Studio Version 16
VisualStudioVersion = 16.0.31729.503
MinimumVisualStudioVersion = 10.0.40219.1
Project("{FAE04EC0-301F-11D3-BF4B-00C04F79EFBC}") = "CursoDesignPatterns", "CursoDesignPatterns\CursoDesignPatterns.csproj", "{05CF9329-0E4B-4653-B6E7-C36F3AE28BC3}"
EndProject
Global
	GlobalSection(SolutionConfigurationPlatforms) = preSolution
		Debug|Any CPU = Debug|Any CPU
		Release|Any CPU = Release|Any CPU
	EndGlobalSection
	GlobalSection(ProjectConfigurationPlatforms) = postSolution
		{05CF9329-0E4B-4653-B6E7-C36F3AE28BC3}.Debug|Any CPU.ActiveCfg = Debug|Any CPU
		{05CF9329-0E4B-4653-B6E7-C36F3AE28BC3}.Debug|Any CPU.Build.0 = Debug|Any CPU
		{05CF9329-0E4B-4653-B6E7-C36F3AE28BC3}.Release|Any CPU.ActiveCfg = Release|Any CPU
		{05CF9329-0E4B-4653-B6E7-C36F3AE28BC3}.Release|Any CPU.Build.0 = Release|Any CPU
	EndGlobalSection
	GlobalSection(SolutionProperties) = preSolution
		HideSolutionNode = FALSE
	EndGlobalSection
	GlobalSection(ExtensibilityGlobals) = postSolution
		SolutionGuid = {D2F65DC0-7AE1-406E-B711-6454FEF08FC2}
	EndGlobalSection
EndGlobal
